
Microsoft Visual Studio Solution File, Format Version 12.00
# Visual Studio 15
VisualStudioVersion = 15.0.28010.2003
MinimumVisualStudioVersion = 10.0.40219.1
Project("{FAE04EC0-301F-11D3-BF4B-00C04F79EFBC}") = "Run", "Run\Run.csproj", "{4C8CA06E-9384-42EA-810C-92D34BCC465A}"
EndProject
Project("{FAE04EC0-301F-11D3-BF4B-00C04F79EFBC}") = "NeiraEngine", "NeiraEngine\NeiraEngine.csproj", "{6418E4E7-1BD6-47B6-8B61-DEA73115576A}"
EndProject
Project("{2150E333-8FDC-42A3-9474-1A3956D46DE8}") = "SDK", "SDK", "{4846C2CC-86CA-41E0-B21F-A9560004D93E}"
EndProject
Project("{FAE04EC0-301F-11D3-BF4B-00C04F79EFBC}") = "SDK", "SDK\SDK.csproj", "{C8C1554C-5F9F-4077-9781-32EB44F6B0D0}"
EndProject
Project("{FAE04EC0-301F-11D3-BF4B-00C04F79EFBC}") = "MultiPNG2Gif", "MultiPNG2Gif\MultiPNG2Gif.csproj", "{895FD74E-83D7-4E98-B58C-AE9E82D7D28D}"
EndProject
Project("{2150E333-8FDC-42A3-9474-1A3956D46DE8}") = "Render Modules", "Render Modules", "{D9A97B67-5C20-4B52-8C20-9D5CFB632A66}"
EndProject
Project("{2150E333-8FDC-42A3-9474-1A3956D46DE8}") = "Tools", "Tools", "{2CF9013C-4DF2-4A9E-AD00-454E2E08B5D1}"
EndProject
Project("{2150E333-8FDC-42A3-9474-1A3956D46DE8}") = "3D", "3D", "{81061BBE-0536-4645-A1F4-F85200B2AC99}"
EndProject
Project("{2150E333-8FDC-42A3-9474-1A3956D46DE8}") = "2D", "2D", "{BBCCB078-0FC5-4749-BFCF-70DF18287642}"
EndProject
Project("{FAE04EC0-301F-11D3-BF4B-00C04F79EFBC}") = "NativeOpenGL", "Render Modules\NativeOpenGL\NativeOpenGL.csproj", "{104ED369-6C69-461F-9E02-092CF35B94FD}"
EndProject
Project("{2150E333-8FDC-42A3-9474-1A3956D46DE8}") = "Lib", "Lib", "{A5D9731C-ACB6-479D-A438-348FCCA9E4C8}"
EndProject
Project("{FAE04EC0-301F-11D3-BF4B-00C04F79EFBC}") = "Encryptor", "Encryptor\Encryptor.csproj", "{475C79C9-430C-4281-A162-631D59D61D8E}"
EndProject
Global
	GlobalSection(SolutionConfigurationPlatforms) = preSolution
		Debug|Any CPU = Debug|Any CPU
		Debug|x64 = Debug|x64
		Release|Any CPU = Release|Any CPU
		Release|x64 = Release|x64
	EndGlobalSection
	GlobalSection(ProjectConfigurationPlatforms) = postSolution
		{4C8CA06E-9384-42EA-810C-92D34BCC465A}.Debug|Any CPU.ActiveCfg = Debug|Any CPU
		{4C8CA06E-9384-42EA-810C-92D34BCC465A}.Debug|Any CPU.Build.0 = Debug|Any CPU
		{4C8CA06E-9384-42EA-810C-92D34BCC465A}.Debug|x64.ActiveCfg = Debug|x64
		{4C8CA06E-9384-42EA-810C-92D34BCC465A}.Debug|x64.Build.0 = Debug|x64
		{4C8CA06E-9384-42EA-810C-92D34BCC465A}.Release|Any CPU.ActiveCfg = Release|Any CPU
		{4C8CA06E-9384-42EA-810C-92D34BCC465A}.Release|Any CPU.Build.0 = Release|Any CPU
		{4C8CA06E-9384-42EA-810C-92D34BCC465A}.Release|x64.ActiveCfg = Release|x64
		{4C8CA06E-9384-42EA-810C-92D34BCC465A}.Release|x64.Build.0 = Release|x64
		{6418E4E7-1BD6-47B6-8B61-DEA73115576A}.Debug|Any CPU.ActiveCfg = Debug|Any CPU
		{6418E4E7-1BD6-47B6-8B61-DEA73115576A}.Debug|Any CPU.Build.0 = Debug|Any CPU
		{6418E4E7-1BD6-47B6-8B61-DEA73115576A}.Debug|x64.ActiveCfg = Debug|Any CPU
		{6418E4E7-1BD6-47B6-8B61-DEA73115576A}.Debug|x64.Build.0 = Debug|Any CPU
		{6418E4E7-1BD6-47B6-8B61-DEA73115576A}.Release|Any CPU.ActiveCfg = Release|Any CPU
		{6418E4E7-1BD6-47B6-8B61-DEA73115576A}.Release|Any CPU.Build.0 = Release|Any CPU
		{6418E4E7-1BD6-47B6-8B61-DEA73115576A}.Release|x64.ActiveCfg = Release|Any CPU
		{6418E4E7-1BD6-47B6-8B61-DEA73115576A}.Release|x64.Build.0 = Release|Any CPU
		{C8C1554C-5F9F-4077-9781-32EB44F6B0D0}.Debug|Any CPU.ActiveCfg = Debug|Any CPU
		{C8C1554C-5F9F-4077-9781-32EB44F6B0D0}.Debug|Any CPU.Build.0 = Debug|Any CPU
		{C8C1554C-5F9F-4077-9781-32EB44F6B0D0}.Debug|x64.ActiveCfg = Debug|Any CPU
		{C8C1554C-5F9F-4077-9781-32EB44F6B0D0}.Debug|x64.Build.0 = Debug|Any CPU
		{C8C1554C-5F9F-4077-9781-32EB44F6B0D0}.Release|Any CPU.ActiveCfg = Release|Any CPU
		{C8C1554C-5F9F-4077-9781-32EB44F6B0D0}.Release|Any CPU.Build.0 = Release|Any CPU
		{C8C1554C-5F9F-4077-9781-32EB44F6B0D0}.Release|x64.ActiveCfg = Release|Any CPU
		{C8C1554C-5F9F-4077-9781-32EB44F6B0D0}.Release|x64.Build.0 = Release|Any CPU
		{895FD74E-83D7-4E98-B58C-AE9E82D7D28D}.Debug|Any CPU.ActiveCfg = Debug|Any CPU
		{895FD74E-83D7-4E98-B58C-AE9E82D7D28D}.Debug|Any CPU.Build.0 = Debug|Any CPU
		{895FD74E-83D7-4E98-B58C-AE9E82D7D28D}.Debug|x64.ActiveCfg = Debug|Any CPU
		{895FD74E-83D7-4E98-B58C-AE9E82D7D28D}.Debug|x64.Build.0 = Debug|Any CPU
		{895FD74E-83D7-4E98-B58C-AE9E82D7D28D}.Release|Any CPU.ActiveCfg = Release|Any CPU
		{895FD74E-83D7-4E98-B58C-AE9E82D7D28D}.Release|Any CPU.Build.0 = Release|Any CPU
		{895FD74E-83D7-4E98-B58C-AE9E82D7D28D}.Release|x64.ActiveCfg = Release|Any CPU
		{895FD74E-83D7-4E98-B58C-AE9E82D7D28D}.Release|x64.Build.0 = Release|Any CPU
		{104ED369-6C69-461F-9E02-092CF35B94FD}.Debug|Any CPU.ActiveCfg = Debug|Any CPU
		{104ED369-6C69-461F-9E02-092CF35B94FD}.Debug|Any CPU.Build.0 = Debug|Any CPU
		{104ED369-6C69-461F-9E02-092CF35B94FD}.Debug|x64.ActiveCfg = Debug|Any CPU
		{104ED369-6C69-461F-9E02-092CF35B94FD}.Debug|x64.Build.0 = Debug|Any CPU
		{104ED369-6C69-461F-9E02-092CF35B94FD}.Release|Any CPU.ActiveCfg = Release|Any CPU
		{104ED369-6C69-461F-9E02-092CF35B94FD}.Release|Any CPU.Build.0 = Release|Any CPU
		{104ED369-6C69-461F-9E02-092CF35B94FD}.Release|x64.ActiveCfg = Release|Any CPU
		{104ED369-6C69-461F-9E02-092CF35B94FD}.Release|x64.Build.0 = Release|Any CPU
		{475C79C9-430C-4281-A162-631D59D61D8E}.Debug|Any CPU.ActiveCfg = Debug|Any CPU
		{475C79C9-430C-4281-A162-631D59D61D8E}.Debug|Any CPU.Build.0 = Debug|Any CPU
		{475C79C9-430C-4281-A162-631D59D61D8E}.Debug|x64.ActiveCfg = Debug|Any CPU
		{475C79C9-430C-4281-A162-631D59D61D8E}.Debug|x64.Build.0 = Debug|Any CPU
		{475C79C9-430C-4281-A162-631D59D61D8E}.Release|Any CPU.ActiveCfg = Release|Any CPU
		{475C79C9-430C-4281-A162-631D59D61D8E}.Release|Any CPU.Build.0 = Release|Any CPU
		{475C79C9-430C-4281-A162-631D59D61D8E}.Release|x64.ActiveCfg = Release|Any CPU
		{475C79C9-430C-4281-A162-631D59D61D8E}.Release|x64.Build.0 = Release|Any CPU
	EndGlobalSection
	GlobalSection(SolutionProperties) = preSolution
		HideSolutionNode = FALSE
	EndGlobalSection
	GlobalSection(NestedProjects) = preSolution
		{C8C1554C-5F9F-4077-9781-32EB44F6B0D0} = {4846C2CC-86CA-41E0-B21F-A9560004D93E}
		{895FD74E-83D7-4E98-B58C-AE9E82D7D28D} = {BBCCB078-0FC5-4749-BFCF-70DF18287642}
		{2CF9013C-4DF2-4A9E-AD00-454E2E08B5D1} = {4846C2CC-86CA-41E0-B21F-A9560004D93E}
		{81061BBE-0536-4645-A1F4-F85200B2AC99} = {2CF9013C-4DF2-4A9E-AD00-454E2E08B5D1}
		{BBCCB078-0FC5-4749-BFCF-70DF18287642} = {2CF9013C-4DF2-4A9E-AD00-454E2E08B5D1}
		{104ED369-6C69-461F-9E02-092CF35B94FD} = {D9A97B67-5C20-4B52-8C20-9D5CFB632A66}
		{475C79C9-430C-4281-A162-631D59D61D8E} = {A5D9731C-ACB6-479D-A438-348FCCA9E4C8}
	EndGlobalSection
	GlobalSection(ExtensibilityGlobals) = postSolution
		SolutionGuid = {922608EF-FD86-4173-830A-39D20CFEB3A5}
	EndGlobalSection
EndGlobal
