
Microsoft Visual Studio Solution File, Format Version 12.00
# Visual Studio 15
VisualStudioVersion = 15.0.28010.2003
MinimumVisualStudioVersion = 10.0.40219.1
Project("{FAE04EC0-301F-11D3-BF4B-00C04F79EFBC}") = "AutoClassRecallGen", "AutoClassRecallGen\AutoClassRecallGen.csproj", "{A3088F7E-7502-425D-8CE4-665CD1AF9AF5}"
EndProject
Global
	GlobalSection(SolutionConfigurationPlatforms) = preSolution
		Debug|Any CPU = Debug|Any CPU
		Release|Any CPU = Release|Any CPU
	EndGlobalSection
	GlobalSection(ProjectConfigurationPlatforms) = postSolution
		{A3088F7E-7502-425D-8CE4-665CD1AF9AF5}.Debug|Any CPU.ActiveCfg = Debug|Any CPU
		{A3088F7E-7502-425D-8CE4-665CD1AF9AF5}.Debug|Any CPU.Build.0 = Debug|Any CPU
		{A3088F7E-7502-425D-8CE4-665CD1AF9AF5}.Release|Any CPU.ActiveCfg = Release|Any CPU
		{A3088F7E-7502-425D-8CE4-665CD1AF9AF5}.Release|Any CPU.Build.0 = Release|Any CPU
	EndGlobalSection
	GlobalSection(SolutionProperties) = preSolution
		HideSolutionNode = FALSE
	EndGlobalSection
	GlobalSection(ExtensibilityGlobals) = postSolution
		SolutionGuid = {A3ACE2AF-7CB4-40B6-86E0-C3441D0C2D59}
	EndGlobalSection
EndGlobal
